
Microsoft Visual Studio Solution File, Format Version 12.00
# Visual Studio Version 17
VisualStudioVersion = 17.7.34221.43
MinimumVisualStudioVersion = 10.0.40219.1
Project("{FAE04EC0-301F-11D3-BF4B-00C04F79EFBC}") = "RegistroAnimaisAPI", "RegistroAnimaisAPI\RegistroAnimaisAPI.csproj", "{777AB512-2F9D-48C1-BE9F-AC5C84C8F089}"
EndProject
Global
	GlobalSection(SolutionConfigurationPlatforms) = preSolution
		Debug|Any CPU = Debug|Any CPU
		Release|Any CPU = Release|Any CPU
	EndGlobalSection
	GlobalSection(ProjectConfigurationPlatforms) = postSolution
		{777AB512-2F9D-48C1-BE9F-AC5C84C8F089}.Debug|Any CPU.ActiveCfg = Debug|Any CPU
		{777AB512-2F9D-48C1-BE9F-AC5C84C8F089}.Debug|Any CPU.Build.0 = Debug|Any CPU
		{777AB512-2F9D-48C1-BE9F-AC5C84C8F089}.Release|Any CPU.ActiveCfg = Release|Any CPU
		{777AB512-2F9D-48C1-BE9F-AC5C84C8F089}.Release|Any CPU.Build.0 = Release|Any CPU
	EndGlobalSection
	GlobalSection(SolutionProperties) = preSolution
		HideSolutionNode = FALSE
	EndGlobalSection
	GlobalSection(ExtensibilityGlobals) = postSolution
		SolutionGuid = {7EDD0BD2-B178-4FB7-B93E-A2A797DA2FD0}
	EndGlobalSection
EndGlobal
